// !$*UTF8*$!
{
	archiveVersion = 1;
	classes = {
	};
	objectVersion = 48;
	objects = {

/* Begin PBXBuildFile section */
		381EBD292073EE2E00D665D3 /* echo.xml in Resources */ = {isa = PBXBuildFile; fileRef = 381EBD282073EE2E00D665D3 /* echo.xml */; };
		3874626620657F9F00EC4CB8 /* AppDelegate.swift in Sources */ = {isa = PBXBuildFile; fileRef = 3874626520657F9F00EC4CB8 /* AppDelegate.swift */; };
		3874626820657F9F00EC4CB8 /* ViewController.swift in Sources */ = {isa = PBXBuildFile; fileRef = 3874626720657F9F00EC4CB8 /* ViewController.swift */; };
		3874626B20657F9F00EC4CB8 /* Main.storyboard in Resources */ = {isa = PBXBuildFile; fileRef = 3874626920657F9F00EC4CB8 /* Main.storyboard */; };
		3874626D20657F9F00EC4CB8 /* Assets.xcassets in Resources */ = {isa = PBXBuildFile; fileRef = 3874626C20657F9F00EC4CB8 /* Assets.xcassets */; };
		3874627020657F9F00EC4CB8 /* LaunchScreen.storyboard in Resources */ = {isa = PBXBuildFile; fileRef = 3874626E20657F9F00EC4CB8 /* LaunchScreen.storyboard */; };
		3874627C2065A2EA00EC4CB8 /* String+ XMLExtension.swift in Sources */ = {isa = PBXBuildFile; fileRef = 3874627B2065A2EA00EC4CB8 /* String+ XMLExtension.swift */; };
		387B5C5320702C3E006D3AB6 /* ProgramsListXMLParser.swift in Sources */ = {isa = PBXBuildFile; fileRef = 387B5C5220702C3E006D3AB6 /* ProgramsListXMLParser.swift */; };
		38A67DB2206EA84600D20547 /* ProgramsListLoader.swift in Sources */ = {isa = PBXBuildFile; fileRef = 38A67DB1206EA84600D20547 /* ProgramsListLoader.swift */; };
		38BF29E2206C265700B59643 /* ProgramListLoadManager.swift in Sources */ = {isa = PBXBuildFile; fileRef = 38BF29E1206C265700B59643 /* ProgramListLoadManager.swift */; };
/* End PBXBuildFile section */

/* Begin PBXFileReference section */
		381EBD282073EE2E00D665D3 /* echo.xml */ = {isa = PBXFileReference; fileEncoding = 4; lastKnownFileType = text.xml; path = echo.xml; sourceTree = "<group>"; };
		3874626220657F9F00EC4CB8 /* EMXMLLoader.app */ = {isa = PBXFileReference; explicitFileType = wrapper.application; includeInIndex = 0; path = EMXMLLoader.app; sourceTree = BUILT_PRODUCTS_DIR; };
		3874626520657F9F00EC4CB8 /* AppDelegate.swift */ = {isa = PBXFileReference; lastKnownFileType = sourcecode.swift; path = AppDelegate.swift; sourceTree = "<group>"; };
		3874626720657F9F00EC4CB8 /* ViewController.swift */ = {isa = PBXFileReference; lastKnownFileType = sourcecode.swift; path = ViewController.swift; sourceTree = "<group>"; };
		3874626A20657F9F00EC4CB8 /* Base */ = {isa = PBXFileReference; lastKnownFileType = file.storyboard; name = Base; path = Base.lproj/Main.storyboard; sourceTree = "<group>"; };
		3874626C20657F9F00EC4CB8 /* Assets.xcassets */ = {isa = PBXFileReference; lastKnownFileType = folder.assetcatalog; path = Assets.xcassets; sourceTree = "<group>"; };
		3874626F20657F9F00EC4CB8 /* Base */ = {isa = PBXFileReference; lastKnownFileType = file.storyboard; name = Base; path = Base.lproj/LaunchScreen.storyboard; sourceTree = "<group>"; };
		3874627120657F9F00EC4CB8 /* Info.plist */ = {isa = PBXFileReference; lastKnownFileType = text.plist.xml; path = Info.plist; sourceTree = "<group>"; };
		3874627B2065A2EA00EC4CB8 /* String+ XMLExtension.swift */ = {isa = PBXFileReference; fileEncoding = 4; lastKnownFileType = sourcecode.swift; path = "String+ XMLExtension.swift"; sourceTree = "<group>"; };
		387B5C5220702C3E006D3AB6 /* ProgramsListXMLParser.swift */ = {isa = PBXFileReference; lastKnownFileType = sourcecode.swift; path = ProgramsListXMLParser.swift; sourceTree = "<group>"; };
		38A67DB1206EA84600D20547 /* ProgramsListLoader.swift */ = {isa = PBXFileReference; lastKnownFileType = sourcecode.swift; path = ProgramsListLoader.swift; sourceTree = "<group>"; };
		38BF29E1206C265700B59643 /* ProgramListLoadManager.swift */ = {isa = PBXFileReference; lastKnownFileType = sourcecode.swift; path = ProgramListLoadManager.swift; sourceTree = "<group>"; };
/* End PBXFileReference section */

/* Begin PBXFrameworksBuildPhase section */
		3874625F20657F9F00EC4CB8 /* Frameworks */ = {
			isa = PBXFrameworksBuildPhase;
			buildActionMask = 2147483647;
			files = (
			);
			runOnlyForDeploymentPostprocessing = 0;
		};
/* End PBXFrameworksBuildPhase section */

/* Begin PBXGroup section */
		3874625920657F9F00EC4CB8 = {
			isa = PBXGroup;
			children = (
				3874626420657F9F00EC4CB8 /* EMXMLLoader */,
				3874626320657F9F00EC4CB8 /* Products */,
			);
			sourceTree = "<group>";
		};
		3874626320657F9F00EC4CB8 /* Products */ = {
			isa = PBXGroup;
			children = (
				3874626220657F9F00EC4CB8 /* EMXMLLoader.app */,
			);
			name = Products;
			sourceTree = "<group>";
		};
		3874626420657F9F00EC4CB8 /* EMXMLLoader */ = {
			isa = PBXGroup;
			children = (
				3874626520657F9F00EC4CB8 /* AppDelegate.swift */,
				3874626720657F9F00EC4CB8 /* ViewController.swift */,
				3884957C20779D9E00F4584A /* ProgramLitLoading */,
				3874626920657F9F00EC4CB8 /* Main.storyboard */,
				3874626C20657F9F00EC4CB8 /* Assets.xcassets */,
				3874626E20657F9F00EC4CB8 /* LaunchScreen.storyboard */,
				3874627120657F9F00EC4CB8 /* Info.plist */,
				381EBD282073EE2E00D665D3 /* echo.xml */,
			);
			path = EMXMLLoader;
			sourceTree = "<group>";
		};
		3884957C20779D9E00F4584A /* ProgramLitLoading */ = {
			isa = PBXGroup;
			children = (
				38BF29E1206C265700B59643 /* ProgramListLoadManager.swift */,
				38A67DB1206EA84600D20547 /* ProgramsListLoader.swift */,
				387B5C5220702C3E006D3AB6 /* ProgramsListXMLParser.swift */,
				3874627B2065A2EA00EC4CB8 /* String+ XMLExtension.swift */,
			);
			path = ProgramLitLoading;
			sourceTree = "<group>";
		};
/* End PBXGroup section */

/* Begin PBXNativeTarget section */
		3874626120657F9F00EC4CB8 /* EMXMLLoader */ = {
			isa = PBXNativeTarget;
			buildConfigurationList = 3874627420657F9F00EC4CB8 /* Build configuration list for PBXNativeTarget "EMXMLLoader" */;
			buildPhases = (
				3874625E20657F9F00EC4CB8 /* Sources */,
				3874625F20657F9F00EC4CB8 /* Frameworks */,
				3874626020657F9F00EC4CB8 /* Resources */,
			);
			buildRules = (
			);
			dependencies = (
			);
			name = EMXMLLoader;
			productName = EMXMLLoader;
			productReference = 3874626220657F9F00EC4CB8 /* EMXMLLoader.app */;
			productType = "com.apple.product-type.application";
		};
/* End PBXNativeTarget section */

/* Begin PBXProject section */
		3874625A20657F9F00EC4CB8 /* Project object */ = {
			isa = PBXProject;
			attributes = {
				LastSwiftUpdateCheck = 0920;
				LastUpgradeCheck = 0920;
				ORGANIZATIONNAME = "Evgeny Smirnov";
				TargetAttributes = {
					3874626120657F9F00EC4CB8 = {
						CreatedOnToolsVersion = 9.2;
						ProvisioningStyle = Automatic;
					};
				};
			};
			buildConfigurationList = 3874625D20657F9F00EC4CB8 /* Build configuration list for PBXProject "EMXMLLoader" */;
			compatibilityVersion = "Xcode 8.0";
			developmentRegion = en;
			hasScannedForEncodings = 0;
			knownRegions = (
				en,
				Base,
			);
			mainGroup = 3874625920657F9F00EC4CB8;
			productRefGroup = 3874626320657F9F00EC4CB8 /* Products */;
			projectDirPath = "";
			projectRoot = "";
			targets = (
				3874626120657F9F00EC4CB8 /* EMXMLLoader */,
			);
		};
/* End PBXProject section */

/* Begin PBXResourcesBuildPhase section */
		3874626020657F9F00EC4CB8 /* Resources */ = {
			isa = PBXResourcesBuildPhase;
			buildActionMask = 2147483647;
			files = (
				3874627020657F9F00EC4CB8 /* LaunchScreen.storyboard in Resources */,
				3874626D20657F9F00EC4CB8 /* Assets.xcassets in Resources */,
				381EBD292073EE2E00D665D3 /* echo.xml in Resources */,
				3874626B20657F9F00EC4CB8 /* Main.storyboard in Resources */,
			);
			runOnlyForDeploymentPostprocessing = 0;
		};
/* End PBXResourcesBuildPhase section */

/* Begin PBXSourcesBuildPhase section */
		3874625E20657F9F00EC4CB8 /* Sources */ = {
			isa = PBXSourcesBuildPhase;
			buildActionMask = 2147483647;
			files = (
				3874626820657F9F00EC4CB8 /* ViewController.swift in Sources */,
				387B5C5320702C3E006D3AB6 /* ProgramsListXMLParser.swift in Sources */,
				3874627C2065A2EA00EC4CB8 /* String+ XMLExtension.swift in Sources */,
				38A67DB2206EA84600D20547 /* ProgramsListLoader.swift in Sources */,
				38BF29E2206C265700B59643 /* ProgramListLoadManager.swift in Sources */,
				3874626620657F9F00EC4CB8 /* AppDelegate.swift in Sources */,
			);
			runOnlyForDeploymentPostprocessing = 0;
		};
/* End PBXSourcesBuildPhase section */

/* Begin PBXVariantGroup section */
		3874626920657F9F00EC4CB8 /* Main.storyboard */ = {
			isa = PBXVariantGroup;
			children = (
				3874626A20657F9F00EC4CB8 /* Base */,
			);
			name = Main.storyboard;
			sourceTree = "<group>";
		};
		3874626E20657F9F00EC4CB8 /* LaunchScreen.storyboard */ = {
			isa = PBXVariantGroup;
			children = (
				3874626F20657F9F00EC4CB8 /* Base */,
			);
			name = LaunchScreen.storyboard;
			sourceTree = "<group>";
		};
/* End PBXVariantGroup section */

/* Begin XCBuildConfiguration section */
		3874627220657F9F00EC4CB8 /* Debug */ = {
			isa = XCBuildConfiguration;
			buildSettings = {
				ALWAYS_SEARCH_USER_PATHS = NO;
				CLANG_ANALYZER_NONNULL = YES;
				CLANG_ANALYZER_NUMBER_OBJECT_CONVERSION = YES_AGGRESSIVE;
				CLANG_CXX_LANGUAGE_STANDARD = "gnu++14";
				CLANG_CXX_LIBRARY = "libc++";
				CLANG_ENABLE_MODULES = YES;
				CLANG_ENABLE_OBJC_ARC = YES;
				CLANG_WARN_BLOCK_CAPTURE_AUTORELEASING = YES;
				CLANG_WARN_BOOL_CONVERSION = YES;
				CLANG_WARN_COMMA = YES;
				CLANG_WARN_CONSTANT_CONVERSION = YES;
				CLANG_WARN_DIRECT_OBJC_ISA_USAGE = YES_ERROR;
				CLANG_WARN_DOCUMENTATION_COMMENTS = YES;
				CLANG_WARN_EMPTY_BODY = YES;
				CLANG_WARN_ENUM_CONVERSION = YES;
				CLANG_WARN_INFINITE_RECURSION = YES;
				CLANG_WARN_INT_CONVERSION = YES;
				CLANG_WARN_NON_LITERAL_NULL_CONVERSION = YES;
				CLANG_WARN_OBJC_LITERAL_CONVERSION = YES;
				CLANG_WARN_OBJC_ROOT_CLASS = YES_ERROR;
				CLANG_WARN_RANGE_LOOP_ANALYSIS = YES;
				CLANG_WARN_STRICT_PROTOTYPES = YES;
				CLANG_WARN_SUSPICIOUS_MOVE = YES;
				CLANG_WARN_UNGUARDED_AVAILABILITY = YES_AGGRESSIVE;
				CLANG_WARN_UNREACHABLE_CODE = YES;
				CLANG_WARN__DUPLICATE_METHOD_MATCH = YES;
				CODE_SIGN_IDENTITY = "iPhone Developer";
				COPY_PHASE_STRIP = NO;
				DEBUG_INFORMATION_FORMAT = dwarf;
				ENABLE_STRICT_OBJC_MSGSEND = YES;
				ENABLE_TESTABILITY = YES;
				GCC_C_LANGUAGE_STANDARD = gnu11;
				GCC_DYNAMIC_NO_PIC = NO;
				GCC_NO_COMMON_BLOCKS = YES;
				GCC_OPTIMIZATION_LEVEL = 0;
				GCC_PREPROCESSOR_DEFINITIONS = (
					"DEBUG=1",
					"$(inherited)",
				);
				GCC_WARN_64_TO_32_BIT_CONVERSION = YES;
				GCC_WARN_ABOUT_RETURN_TYPE = YES_ERROR;
				GCC_WARN_UNDECLARED_SELECTOR = YES;
				GCC_WARN_UNINITIALIZED_AUTOS = YES_AGGRESSIVE;
				GCC_WARN_UNUSED_FUNCTION = YES;
				GCC_WARN_UNUSED_VARIABLE = YES;
				IPHONEOS_DEPLOYMENT_TARGET = 11.2;
				MTL_ENABLE_DEBUG_INFO = YES;
				ONLY_ACTIVE_ARCH = YES;
				SDKROOT = iphoneos;
				SWIFT_ACTIVE_COMPILATION_CONDITIONS = DEBUG;
				SWIFT_OPTIMIZATION_LEVEL = "-Onone";
			};
			name = Debug;
		};
		3874627320657F9F00EC4CB8 /* Release */ = {
			isa = XCBuildConfiguration;
			buildSettings = {
				ALWAYS_SEARCH_USER_PATHS = NO;
				CLANG_ANALYZER_NONNULL = YES;
				CLANG_ANALYZER_NUMBER_OBJECT_CONVERSION = YES_AGGRESSIVE;
				CLANG_CXX_LANGUAGE_STANDARD = "gnu++14";
				CLANG_CXX_LIBRARY = "libc++";
				CLANG_ENABLE_MODULES = YES;
				CLANG_ENABLE_OBJC_ARC = YES;
				CLANG_WARN_BLOCK_CAPTURE_AUTORELEASING = YES;
				CLANG_WARN_BOOL_CONVERSION = YES;
				CLANG_WARN_COMMA = YES;
				CLANG_WARN_CONSTANT_CONVERSION = YES;
				CLANG_WARN_DIRECT_OBJC_ISA_USAGE = YES_ERROR;
				CLANG_WARN_DOCUMENTATION_COMMENTS = YES;
				CLANG_WARN_EMPTY_BODY = YES;
				CLANG_WARN_ENUM_CONVERSION = YES;
				CLANG_WARN_INFINITE_RECURSION = YES;
				CLANG_WARN_INT_CONVERSION = YES;
				CLANG_WARN_NON_LITERAL_NULL_CONVERSION = YES;
				CLANG_WARN_OBJC_LITERAL_CONVERSION = YES;
				CLANG_WARN_OBJC_ROOT_CLASS = YES_ERROR;
				CLANG_WARN_RANGE_LOOP_ANALYSIS = YES;
				CLANG_WARN_STRICT_PROTOTYPES = YES;
				CLANG_WARN_SUSPICIOUS_MOVE = YES;
				CLANG_WARN_UNGUARDED_AVAILABILITY = YES_AGGRESSIVE;
				CLANG_WARN_UNREACHABLE_CODE = YES;
				CLANG_WARN__DUPLICATE_METHOD_MATCH = YES;
				CODE_SIGN_IDENTITY = "iPhone Developer";
				COPY_PHASE_STRIP = NO;
				DEBUG_INFORMATION_FORMAT = "dwarf-with-dsym";
				ENABLE_NS_ASSERTIONS = NO;
				ENABLE_STRICT_OBJC_MSGSEND = YES;
				GCC_C_LANGUAGE_STANDARD = gnu11;
				GCC_NO_COMMON_BLOCKS = YES;
				GCC_WARN_64_TO_32_BIT_CONVERSION = YES;
				GCC_WARN_ABOUT_RETURN_TYPE = YES_ERROR;
				GCC_WARN_UNDECLARED_SELECTOR = YES;
				GCC_WARN_UNINITIALIZED_AUTOS = YES_AGGRESSIVE;
				GCC_WARN_UNUSED_FUNCTION = YES;
				GCC_WARN_UNUSED_VARIABLE = YES;
				IPHONEOS_DEPLOYMENT_TARGET = 11.2;
				MTL_ENABLE_DEBUG_INFO = NO;
				SDKROOT = iphoneos;
				SWIFT_OPTIMIZATION_LEVEL = "-Owholemodule";
				VALIDATE_PRODUCT = YES;
			};
			name = Release;
		};
		3874627520657F9F00EC4CB8 /* Debug */ = {
			isa = XCBuildConfiguration;
			buildSettings = {
				ASSETCATALOG_COMPILER_APPICON_NAME = AppIcon;
				CODE_SIGN_STYLE = Automatic;
				INFOPLIST_FILE = EMXMLLoader/Info.plist;
				LD_RUNPATH_SEARCH_PATHS = "$(inherited) @executable_path/Frameworks";
				PRODUCT_BUNDLE_IDENTIFIER = com.student.EMXMLLoader;
				PRODUCT_NAME = "$(TARGET_NAME)";
				SWIFT_VERSION = 4.0;
				TARGETED_DEVICE_FAMILY = "1,2";
			};
			name = Debug;
		};
		3874627620657F9F00EC4CB8 /* Release */ = {
			isa = XCBuildConfiguration;
			buildSettings = {
				ASSETCATALOG_COMPILER_APPICON_NAME = AppIcon;
				CODE_SIGN_STYLE = Automatic;
				INFOPLIST_FILE = EMXMLLoader/Info.plist;
				LD_RUNPATH_SEARCH_PATHS = "$(inherited) @executable_path/Frameworks";
				PRODUCT_BUNDLE_IDENTIFIER = com.student.EMXMLLoader;
				PRODUCT_NAME = "$(TARGET_NAME)";
				SWIFT_VERSION = 4.0;
				TARGETED_DEVICE_FAMILY = "1,2";
			};
			name = Release;
		};
/* End XCBuildConfiguration section */

/* Begin XCConfigurationList section */
		3874625D20657F9F00EC4CB8 /* Build configuration list for PBXProject "EMXMLLoader" */ = {
			isa = XCConfigurationList;
			buildConfigurations = (
				3874627220657F9F00EC4CB8 /* Debug */,
				3874627320657F9F00EC4CB8 /* Release */,
			);
			defaultConfigurationIsVisible = 0;
			defaultConfigurationName = Release;
		};
		3874627420657F9F00EC4CB8 /* Build configuration list for PBXNativeTarget "EMXMLLoader" */ = {
			isa = XCConfigurationList;
			buildConfigurations = (
				3874627520657F9F00EC4CB8 /* Debug */,
				3874627620657F9F00EC4CB8 /* Release */,
			);
			defaultConfigurationIsVisible = 0;
			defaultConfigurationName = Release;
		};
/* End XCConfigurationList section */
	};
	rootObject = 3874625A20657F9F00EC4CB8 /* Project object */;
}
